
Microsoft Visual Studio Solution File, Format Version 12.00
# Visual Studio Version 17
VisualStudioVersion = 17.0.31903.59
MinimumVisualStudioVersion = 10.0.40219.1
Project("{2150E333-8FDC-42A3-9474-1A3956D46DE8}") = "Solution Items", "Solution Items", "{91590F1C-9DDB-4C68-914F-E90E8351243D}"
	ProjectSection(SolutionItems) = preProject
		.editorconfig = .editorconfig
		.gitignore = .gitignore
		README.md = README.md
		templatepack.csproj = templatepack.csproj
	EndProjectSection
EndProject
Project("{9A19103F-16F7-4668-BE54-9A1E7A4F7556}") = "AwesomeConsole", "AwesomeConsole\AwesomeConsole.csproj", "{867127F5-7716-4F83-92B3-161090267FDC}"
EndProject
Global
	GlobalSection(SolutionConfigurationPlatforms) = preSolution
		Debug|Any CPU = Debug|Any CPU
		Release|Any CPU = Release|Any CPU
	EndGlobalSection
	GlobalSection(ProjectConfigurationPlatforms) = postSolution
		{867127F5-7716-4F83-92B3-161090267FDC}.Debug|Any CPU.ActiveCfg = Debug|Any CPU
		{867127F5-7716-4F83-92B3-161090267FDC}.Debug|Any CPU.Build.0 = Debug|Any CPU
		{867127F5-7716-4F83-92B3-161090267FDC}.Release|Any CPU.ActiveCfg = Release|Any CPU
		{867127F5-7716-4F83-92B3-161090267FDC}.Release|Any CPU.Build.0 = Release|Any CPU
	EndGlobalSection
	GlobalSection(SolutionProperties) = preSolution
		HideSolutionNode = FALSE
	EndGlobalSection
	GlobalSection(ExtensibilityGlobals) = postSolution
		SolutionGuid = {5E045040-3640-4C9C-A241-A2666D1C7425}
	EndGlobalSection
EndGlobal
